{
  "name": "temp",
  "lockfileVersion": 3,
  "requires": true,
  "packages": {
    "": {
      "dependencies": {
        "country-data": "^0.0.31",
        "google-libphonenumber": "^3.2.34",
        "i18n-iso-countries": "^7.11.1",
        "libphonenumber-js": "^1.11.1"
      }
    },
    "node_modules/country-data": {
      "version": "0.0.31",
      "resolved": "https://registry.npmjs.org/country-data/-/country-data-0.0.31.tgz",
      "integrity": "sha512-YqlY/i6ikZwoBFfdjK+hJTGaBdTgDpXLI15MCj2UsXZ2cPBb+Kx86AXmDH7PRGt0LUleck0cCgNdWeIhfbcxkQ==",
      "dependencies": {
        "currency-symbol-map": "~2",
        "underscore": ">1.4.4"
      }
    },
    "node_modules/currency-symbol-map": {
      "version": "2.2.0",
      "resolved": "https://registry.npmjs.org/currency-symbol-map/-/currency-symbol-map-2.2.0.tgz",
      "integrity": "sha512-fPZJ3jqM68+AAgqQ7UaGbgHL/39rp6l7GyqS2k1HJPu/kpS8D07x/+Uup6a9tCUKIlOFcRrDCf1qxSt8jnI5BA=="
    },
    "node_modules/diacritics": {
      "version": "1.3.0",
      "resolved": "https://registry.npmjs.org/diacritics/-/diacritics-1.3.0.tgz",
      "integrity": "sha512-wlwEkqcsaxvPJML+rDh/2iS824jbREk6DUMUKkEaSlxdYHeS43cClJtsWglvw2RfeXGm6ohKDqsXteJ5sP5enA=="
    },
    "node_modules/google-libphonenumber": {
      "version": "3.2.34",
      "resolved": "https://registry.npmjs.org/google-libphonenumber/-/google-libphonenumber-3.2.34.tgz",
      "integrity": "sha512-CLwkp0lZvMywh6dCh0T3Fm8XsfJhLAupc8AECwYkJNQBPW8wQPrv/tV0oFKCs8FMw+pTQyNPZoycgBzYjqtTZQ==",
      "engines": {
        "node": ">=0.10"
      }
    },
    "node_modules/i18n-iso-countries": {
      "version": "7.11.1",
      "resolved": "https://registry.npmjs.org/i18n-iso-countries/-/i18n-iso-countries-7.11.1.tgz",
      "integrity": "sha512-4+Z011pr/7SgwY4VH9Zkblp2b6Gl/2YqJF4f/OjhrwB6RvkbwctoQL8XhmZjGq8oHg4yJAsDv0j7xf7fO63TkA==",
      "dependencies": {
        "diacritics": "1.3.0"
      },
      "engines": {
        "node": ">= 12"
      }
    },
    "node_modules/libphonenumber-js": {
      "version": "1.11.1",
      "resolved": "https://registry.npmjs.org/libphonenumber-js/-/libphonenumber-js-1.11.1.tgz",
      "integrity": "sha512-Wze1LPwcnzvcKGcRHFGFECTaLzxOtujwpf924difr5zniyYv1C2PiW0419qDR7m8lKDxsImu5mwxFuXhXpjmvw=="
    },
    "node_modules/underscore": {
      "version": "1.13.6",
      "resolved": "https://registry.npmjs.org/underscore/-/underscore-1.13.6.tgz",
      "integrity": "sha512-+A5Sja4HP1M08MaXya7p5LvjuM7K6q/2EaC0+iovj/wOcMsTzMvDFbasi/oSapiwOlt252IqsKqPjCl7huKS0A=="
    }
  }
}
